# This file is generated by running "yarn install" inside your project.
# Manual changes might be lost - proceed with caution!

__metadata:
  version: 6
  cacheKey: 8

"@remix-run/router@npm:1.8.0":
  version: 1.8.0
  resolution: "@remix-run/router@npm:1.8.0"
  checksum: f754f02d3b4fc86791b88acf16065000609e2324b9436027844a76831c7107c0994067cb83abdd6093c282bd518a5c89b5e02aead585782978586e3a04534428
  languageName: node
  linkType: hard

"react-router-dom@npm:^6.15.0":
  version: 6.15.0
  resolution: "react-router-dom@npm:6.15.0"
  dependencies:
    "@remix-run/router": 1.8.0
    react-router: 6.15.0
  peerDependencies:
    react: ">=16.8"
    react-dom: ">=16.8"
  checksum: 95301837e293654f00934de6a4bdb27bfb06f613503e4cce7a93f19384793729832e7479d50faf3b9457d149014d4df40a3ee3a5193d7e3a3caadb7aaa6ec0f9
  languageName: node
  linkType: hard

"react-router@npm:6.15.0":
  version: 6.15.0
  resolution: "react-router@npm:6.15.0"
  dependencies:
    "@remix-run/router": 1.8.0
  peerDependencies:
    react: ">=16.8"
  checksum: 345b29277e13997f2625f0037f537eaf1955bb9f44ebfea80dd3ff83fc06273f7b64e1be944bfc75945fd2af5af917874133a8a93ed5ecaca523be8f045ae166
  languageName: node
  linkType: hard

"root-workspace-0b6124@workspace:.":
  version: 0.0.0-use.local
  resolution: "root-workspace-0b6124@workspace:."
  dependencies:
    react-router-dom: ^6.15.0
  languageName: unknown
  linkType: soft
